
Microsoft Visual Studio Solution File, Format Version 12.00
# Visual Studio 2012
Project("{FAE04EC0-301F-11D3-BF4B-00C04F79EFBC}") = "test", "test\test.csproj", "{D0D4EAED-0DA6-42E3-A30E-E124D108473E}"
EndProject
Project("{FAE04EC0-301F-11D3-BF4B-00C04F79EFBC}") = "test.iOS", "iOS\test.iOS.csproj", "{C7BE5657-6DE2-41E8-A759-337C3B603336}"
EndProject
Project("{FAE04EC0-301F-11D3-BF4B-00C04F79EFBC}") = "test.Droid", "Droid\test.Droid.csproj", "{34735315-03CD-4A8A-A532-CBAC3C675A73}"
EndProject
Global
	GlobalSection(SolutionConfigurationPlatforms) = preSolution
		Debug|Any CPU = Debug|Any CPU
		Release|Any CPU = Release|Any CPU
		Debug|iPhoneSimulator = Debug|iPhoneSimulator
		Release|iPhone = Release|iPhone
		Release|iPhoneSimulator = Release|iPhoneSimulator
		Debug|iPhone = Debug|iPhone
	EndGlobalSection
	GlobalSection(ProjectConfigurationPlatforms) = postSolution
		{D0D4EAED-0DA6-42E3-A30E-E124D108473E}.Debug|Any CPU.ActiveCfg = Debug|Any CPU
		{D0D4EAED-0DA6-42E3-A30E-E124D108473E}.Debug|Any CPU.Build.0 = Debug|Any CPU
		{D0D4EAED-0DA6-42E3-A30E-E124D108473E}.Release|Any CPU.ActiveCfg = Release|Any CPU
		{D0D4EAED-0DA6-42E3-A30E-E124D108473E}.Release|Any CPU.Build.0 = Release|Any CPU
		{D0D4EAED-0DA6-42E3-A30E-E124D108473E}.Debug|iPhoneSimulator.ActiveCfg = Debug|Any CPU
		{D0D4EAED-0DA6-42E3-A30E-E124D108473E}.Debug|iPhoneSimulator.Build.0 = Debug|Any CPU
		{D0D4EAED-0DA6-42E3-A30E-E124D108473E}.Release|iPhone.ActiveCfg = Release|Any CPU
		{D0D4EAED-0DA6-42E3-A30E-E124D108473E}.Release|iPhone.Build.0 = Release|Any CPU
		{D0D4EAED-0DA6-42E3-A30E-E124D108473E}.Release|iPhoneSimulator.ActiveCfg = Release|Any CPU
		{D0D4EAED-0DA6-42E3-A30E-E124D108473E}.Release|iPhoneSimulator.Build.0 = Release|Any CPU
		{D0D4EAED-0DA6-42E3-A30E-E124D108473E}.Debug|iPhone.ActiveCfg = Debug|Any CPU
		{D0D4EAED-0DA6-42E3-A30E-E124D108473E}.Debug|iPhone.Build.0 = Debug|Any CPU
		{C7BE5657-6DE2-41E8-A759-337C3B603336}.Debug|Any CPU.ActiveCfg = Debug|iPhoneSimulator
		{C7BE5657-6DE2-41E8-A759-337C3B603336}.Debug|Any CPU.Build.0 = Debug|iPhoneSimulator
		{C7BE5657-6DE2-41E8-A759-337C3B603336}.Release|Any CPU.ActiveCfg = Release|iPhone
		{C7BE5657-6DE2-41E8-A759-337C3B603336}.Release|Any CPU.Build.0 = Release|iPhone
		{C7BE5657-6DE2-41E8-A759-337C3B603336}.Debug|iPhoneSimulator.ActiveCfg = Debug|iPhoneSimulator
		{C7BE5657-6DE2-41E8-A759-337C3B603336}.Debug|iPhoneSimulator.Build.0 = Debug|iPhoneSimulator
		{C7BE5657-6DE2-41E8-A759-337C3B603336}.Release|iPhone.ActiveCfg = Release|iPhone
		{C7BE5657-6DE2-41E8-A759-337C3B603336}.Release|iPhone.Build.0 = Release|iPhone
		{C7BE5657-6DE2-41E8-A759-337C3B603336}.Release|iPhoneSimulator.ActiveCfg = Release|iPhoneSimulator
		{C7BE5657-6DE2-41E8-A759-337C3B603336}.Release|iPhoneSimulator.Build.0 = Release|iPhoneSimulator
		{C7BE5657-6DE2-41E8-A759-337C3B603336}.Debug|iPhone.ActiveCfg = Debug|iPhone
		{C7BE5657-6DE2-41E8-A759-337C3B603336}.Debug|iPhone.Build.0 = Debug|iPhone
		{34735315-03CD-4A8A-A532-CBAC3C675A73}.Debug|Any CPU.ActiveCfg = Debug|Any CPU
		{34735315-03CD-4A8A-A532-CBAC3C675A73}.Debug|Any CPU.Build.0 = Debug|Any CPU
		{34735315-03CD-4A8A-A532-CBAC3C675A73}.Release|Any CPU.ActiveCfg = Release|Any CPU
		{34735315-03CD-4A8A-A532-CBAC3C675A73}.Release|Any CPU.Build.0 = Release|Any CPU
		{34735315-03CD-4A8A-A532-CBAC3C675A73}.Debug|iPhoneSimulator.ActiveCfg = Debug|Any CPU
		{34735315-03CD-4A8A-A532-CBAC3C675A73}.Debug|iPhoneSimulator.Build.0 = Debug|Any CPU
		{34735315-03CD-4A8A-A532-CBAC3C675A73}.Release|iPhone.ActiveCfg = Release|Any CPU
		{34735315-03CD-4A8A-A532-CBAC3C675A73}.Release|iPhone.Build.0 = Release|Any CPU
		{34735315-03CD-4A8A-A532-CBAC3C675A73}.Release|iPhoneSimulator.ActiveCfg = Release|Any CPU
		{34735315-03CD-4A8A-A532-CBAC3C675A73}.Release|iPhoneSimulator.Build.0 = Release|Any CPU
		{34735315-03CD-4A8A-A532-CBAC3C675A73}.Debug|iPhone.ActiveCfg = Debug|Any CPU
		{34735315-03CD-4A8A-A532-CBAC3C675A73}.Debug|iPhone.Build.0 = Debug|Any CPU
	EndGlobalSection
EndGlobal
