
Microsoft Visual Studio Solution File, Format Version 12.00
# Visual Studio 2012
Project("{FAE04EC0-301F-11D3-BF4B-00C04F79EFBC}") = "Midterm", "Midterm\Midterm.csproj", "{95A62DA2-D946-4E17-AE6B-CE2028BFC115}"
EndProject
Global
	GlobalSection(SolutionConfigurationPlatforms) = preSolution
		Debug|x86 = Debug|x86
		Release|x86 = Release|x86
	EndGlobalSection
	GlobalSection(ProjectConfigurationPlatforms) = postSolution
		{95A62DA2-D946-4E17-AE6B-CE2028BFC115}.Debug|x86.ActiveCfg = Debug|x86
		{95A62DA2-D946-4E17-AE6B-CE2028BFC115}.Debug|x86.Build.0 = Debug|x86
		{95A62DA2-D946-4E17-AE6B-CE2028BFC115}.Release|x86.ActiveCfg = Release|x86
		{95A62DA2-D946-4E17-AE6B-CE2028BFC115}.Release|x86.Build.0 = Release|x86
	EndGlobalSection
EndGlobal
